
Microsoft Visual Studio Solution File, Format Version 12.00
# Visual Studio Version 17
VisualStudioVersion = 17.4.33110.190
MinimumVisualStudioVersion = 10.0.40219.1
Project("{9A19103F-16F7-4668-BE54-9A1E7A4F7556}") = "School.Domain", "School.Domain\School.Domain.csproj", "{CC4BC034-188A-4F9F-B32D-128D4EC5FF5A}"
EndProject
Project("{9A19103F-16F7-4668-BE54-9A1E7A4F7556}") = "School.Infraestructure", "School.Infraestructure\School.Infraestructure.csproj", "{729A0B8F-504C-4C54-A6F4-955360810BD1}"
EndProject
Project("{9A19103F-16F7-4668-BE54-9A1E7A4F7556}") = "School.AppServices", "School.AppServices\School.AppServices.csproj", "{A502FB74-2E62-4BA7-B76D-FCFC6CAE0CC4}"
EndProject
Project("{FAE04EC0-301F-11D3-BF4B-00C04F79EFBC}") = "School.ConceptualModel", "School.ConceptualModel\School.ConceptualModel.csproj", "{9E13FF8D-76A6-422B-BFFD-625B74CC3AD7}"
EndProject
Project("{9A19103F-16F7-4668-BE54-9A1E7A4F7556}") = "School.Api", "School.Api\School.Api.csproj", "{3F5B0357-DA61-496A-AB93-CD2BBAA65967}"
EndProject
Project("{9A19103F-16F7-4668-BE54-9A1E7A4F7556}") = "School.IOC", "School.IOC\School.IOC.csproj", "{4B71D14A-4AF4-43B5-94AB-CD84FFBA0AC8}"
EndProject
Project("{9A19103F-16F7-4668-BE54-9A1E7A4F7556}") = "School.Modeling", "School.Modeling\School.Modeling.csproj", "{C487DFAD-6A5F-44FC-982B-82E08578A48F}"
EndProject
Project("{FAE04EC0-301F-11D3-BF4B-00C04F79EFBC}") = "School.Web", "School.Web\School.Web.csproj", "{6093BBF3-078C-4784-8163-D0F58461EAF5}"
EndProject
Global
	GlobalSection(SolutionConfigurationPlatforms) = preSolution
		Debug|Any CPU = Debug|Any CPU
		Release|Any CPU = Release|Any CPU
	EndGlobalSection
	GlobalSection(ProjectConfigurationPlatforms) = postSolution
		{CC4BC034-188A-4F9F-B32D-128D4EC5FF5A}.Debug|Any CPU.ActiveCfg = Debug|Any CPU
		{CC4BC034-188A-4F9F-B32D-128D4EC5FF5A}.Debug|Any CPU.Build.0 = Debug|Any CPU
		{CC4BC034-188A-4F9F-B32D-128D4EC5FF5A}.Release|Any CPU.ActiveCfg = Release|Any CPU
		{CC4BC034-188A-4F9F-B32D-128D4EC5FF5A}.Release|Any CPU.Build.0 = Release|Any CPU
		{729A0B8F-504C-4C54-A6F4-955360810BD1}.Debug|Any CPU.ActiveCfg = Debug|Any CPU
		{729A0B8F-504C-4C54-A6F4-955360810BD1}.Debug|Any CPU.Build.0 = Debug|Any CPU
		{729A0B8F-504C-4C54-A6F4-955360810BD1}.Release|Any CPU.ActiveCfg = Release|Any CPU
		{729A0B8F-504C-4C54-A6F4-955360810BD1}.Release|Any CPU.Build.0 = Release|Any CPU
		{A502FB74-2E62-4BA7-B76D-FCFC6CAE0CC4}.Debug|Any CPU.ActiveCfg = Debug|Any CPU
		{A502FB74-2E62-4BA7-B76D-FCFC6CAE0CC4}.Debug|Any CPU.Build.0 = Debug|Any CPU
		{A502FB74-2E62-4BA7-B76D-FCFC6CAE0CC4}.Release|Any CPU.ActiveCfg = Release|Any CPU
		{A502FB74-2E62-4BA7-B76D-FCFC6CAE0CC4}.Release|Any CPU.Build.0 = Release|Any CPU
		{9E13FF8D-76A6-422B-BFFD-625B74CC3AD7}.Debug|Any CPU.ActiveCfg = Debug|Any CPU
		{9E13FF8D-76A6-422B-BFFD-625B74CC3AD7}.Debug|Any CPU.Build.0 = Debug|Any CPU
		{9E13FF8D-76A6-422B-BFFD-625B74CC3AD7}.Release|Any CPU.ActiveCfg = Release|Any CPU
		{9E13FF8D-76A6-422B-BFFD-625B74CC3AD7}.Release|Any CPU.Build.0 = Release|Any CPU
		{3F5B0357-DA61-496A-AB93-CD2BBAA65967}.Debug|Any CPU.ActiveCfg = Debug|Any CPU
		{3F5B0357-DA61-496A-AB93-CD2BBAA65967}.Debug|Any CPU.Build.0 = Debug|Any CPU
		{3F5B0357-DA61-496A-AB93-CD2BBAA65967}.Release|Any CPU.ActiveCfg = Release|Any CPU
		{3F5B0357-DA61-496A-AB93-CD2BBAA65967}.Release|Any CPU.Build.0 = Release|Any CPU
		{4B71D14A-4AF4-43B5-94AB-CD84FFBA0AC8}.Debug|Any CPU.ActiveCfg = Debug|Any CPU
		{4B71D14A-4AF4-43B5-94AB-CD84FFBA0AC8}.Debug|Any CPU.Build.0 = Debug|Any CPU
		{4B71D14A-4AF4-43B5-94AB-CD84FFBA0AC8}.Release|Any CPU.ActiveCfg = Release|Any CPU
		{4B71D14A-4AF4-43B5-94AB-CD84FFBA0AC8}.Release|Any CPU.Build.0 = Release|Any CPU
		{C487DFAD-6A5F-44FC-982B-82E08578A48F}.Debug|Any CPU.ActiveCfg = Debug|Any CPU
		{C487DFAD-6A5F-44FC-982B-82E08578A48F}.Debug|Any CPU.Build.0 = Debug|Any CPU
		{C487DFAD-6A5F-44FC-982B-82E08578A48F}.Release|Any CPU.ActiveCfg = Release|Any CPU
		{C487DFAD-6A5F-44FC-982B-82E08578A48F}.Release|Any CPU.Build.0 = Release|Any CPU
		{6093BBF3-078C-4784-8163-D0F58461EAF5}.Debug|Any CPU.ActiveCfg = Debug|Any CPU
		{6093BBF3-078C-4784-8163-D0F58461EAF5}.Debug|Any CPU.Build.0 = Debug|Any CPU
		{6093BBF3-078C-4784-8163-D0F58461EAF5}.Release|Any CPU.ActiveCfg = Release|Any CPU
		{6093BBF3-078C-4784-8163-D0F58461EAF5}.Release|Any CPU.Build.0 = Release|Any CPU
	EndGlobalSection
	GlobalSection(SolutionProperties) = preSolution
		HideSolutionNode = FALSE
	EndGlobalSection
	GlobalSection(ExtensibilityGlobals) = postSolution
		SolutionGuid = {63CF6994-15C3-4DAD-9587-0365BD2F8741}
	EndGlobalSection
EndGlobal
